version = 1
requires-python = ">=3.12"

[[package]]
name = "grpcio"
version = "1.67.0"
source = { registry = "https://pypi.org/simple" }
sdist = { url = "https://files.pythonhosted.org/packages/ec/ae/3c47d71ab4abd4bd60a7e2806071fe0a4b6937b9eabe522291787087ea1f/grpcio-1.67.0.tar.gz", hash = "sha256:e090b2553e0da1c875449c8e75073dd4415dd71c9bde6a406240fdf4c0ee467c", size = 12569330 }
wheels = [
    { url = "https://files.pythonhosted.org/packages/b0/2d/b2a783f1d93735a259676de5558ef019ac3511e894b8e9d224edc0d7d034/grpcio-1.67.0-cp312-cp312-linux_armv7l.whl", hash = "sha256:227316b5631260e0bef8a3ce04fa7db4cc81756fea1258b007950b6efc90c05d", size = 5086495 },
    { url = "https://files.pythonhosted.org/packages/7b/13/c1f537a88dad543ca0a7be4dfee80a21b3b02b7df27750997777355e5840/grpcio-1.67.0-cp312-cp312-macosx_10_9_universal2.whl", hash = "sha256:d90cfdafcf4b45a7a076e3e2a58e7bc3d59c698c4f6470b0bb13a4d869cf2273", size = 10979109 },
    { url = "https://files.pythonhosted.org/packages/b7/83/d7cb72f2202fe8d608d25c7e9d6d75184bf6ef658688c818821add102211/grpcio-1.67.0-cp312-cp312-manylinux_2_17_aarch64.whl", hash = "sha256:77196216d5dd6f99af1c51e235af2dd339159f657280e65ce7e12c1a8feffd1d", size = 5586952 },
    { url = "https://files.pythonhosted.org/packages/e5/18/8df585d0158af9e2b46ee2388bdb21de0e7f5bf4a47a86a861ebdbf947b5/grpcio-1.67.0-cp312-cp312-manylinux_2_17_i686.manylinux2014_i686.whl", hash = "sha256:15c05a26a0f7047f720da41dc49406b395c1470eef44ff7e2c506a47ac2c0591", size = 6212460 },
    { url = "https://files.pythonhosted.org/packages/47/46/027f8943113961784ce1eb69a28544d9a62ffb286332820ba634d979c91c/grpcio-1.67.0-cp312-cp312-manylinux_2_17_x86_64.manylinux2014_x86_64.whl", hash = "sha256:3840994689cc8cbb73d60485c594424ad8adb56c71a30d8948d6453083624b52", size = 5849002 },
    { url = "https://files.pythonhosted.org/packages/eb/26/fb19d5bc277e665382c835d7af1f8c1e3197576eed76327824d79e2a4bef/grpcio-1.67.0-cp312-cp312-musllinux_1_1_i686.whl", hash = "sha256:5a1e03c3102b6451028d5dc9f8591131d6ab3c8a0e023d94c28cb930ed4b5f81", size = 6568222 },
    { url = "https://files.pythonhosted.org/packages/e0/cc/387efa986f166c068d48331c699e6ee662a057371065f35d3ca1bc09d799/grpcio-1.67.0-cp312-cp312-musllinux_1_1_x86_64.whl", hash = "sha256:682968427a63d898759474e3b3178d42546e878fdce034fd7474ef75143b64e3", size = 6148002 },
    { url = "https://files.pythonhosted.org/packages/24/57/529504e3e3e910f0537a0a36184cb7241d0d111109d6588096a9f8c139bf/grpcio-1.67.0-cp312-cp312-win32.whl", hash = "sha256:d01793653248f49cf47e5695e0a79805b1d9d4eacef85b310118ba1dfcd1b955", size = 3596220 },
    { url = "https://files.pythonhosted.org/packages/1d/1f/acf03ee901313446d52c3916d527d4981de9f6f3edc69267d05509dcfa7b/grpcio-1.67.0-cp312-cp312-win_amd64.whl", hash = "sha256:985b2686f786f3e20326c4367eebdaed3e7aa65848260ff0c6644f817042cb15", size = 4343545 },
    { url = "https://files.pythonhosted.org/packages/7a/e7/cc7feccb18ef0b5aa67ccb7859a091fa836c5d361a0109b9fca578e59e64/grpcio-1.67.0-cp313-cp313-linux_armv7l.whl", hash = "sha256:8c9a35b8bc50db35ab8e3e02a4f2a35cfba46c8705c3911c34ce343bd777813a", size = 5087009 },
    { url = "https://files.pythonhosted.org/packages/bd/56/10175f4b1600b16e601680df053361924a9fcd9e1c0ad9b8bd1ba2b4c864/grpcio-1.67.0-cp313-cp313-macosx_10_13_universal2.whl", hash = "sha256:42199e704095b62688998c2d84c89e59a26a7d5d32eed86d43dc90e7a3bd04aa", size = 10937553 },
    { url = "https://files.pythonhosted.org/packages/aa/85/115538b1aeb09d66c6e637608a56eddacd59eb71ab0161ad59172c01d436/grpcio-1.67.0-cp313-cp313-manylinux_2_17_aarch64.whl", hash = "sha256:c4c425f440fb81f8d0237c07b9322fc0fb6ee2b29fbef5f62a322ff8fcce240d", size = 5586507 },
    { url = "https://files.pythonhosted.org/packages/0f/db/f402a455e287154683235183c2843c27fffe2fc03fa4c45b57dd90011401/grpcio-1.67.0-cp313-cp313-manylinux_2_17_i686.manylinux2014_i686.whl", hash = "sha256:323741b6699cd2b04a71cb38f502db98f90532e8a40cb675393d248126a268af", size = 6211948 },
    { url = "https://files.pythonhosted.org/packages/92/e4/5957806105aad556f7df6a420b6c69044b6f707926392118772a8ba96de4/grpcio-1.67.0-cp313-cp313-manylinux_2_17_x86_64.manylinux2014_x86_64.whl", hash = "sha256:662c8e105c5e5cee0317d500eb186ed7a93229586e431c1bf0c9236c2407352c", size = 5849392 },
    { url = "https://files.pythonhosted.org/packages/88/ab/c496a406f4682c56e933bef6b0ed22b9eaec84c6915f83d5cddd94126e16/grpcio-1.67.0-cp313-cp313-musllinux_1_1_i686.whl", hash = "sha256:f6bd2ab135c64a4d1e9e44679a616c9bc944547357c830fafea5c3caa3de5153", size = 6571359 },
    { url = "https://files.pythonhosted.org/packages/9e/a8/96b3ef565791d7282c300c07c2a7080471311e7d5a239db15678aaac47eb/grpcio-1.67.0-cp313-cp313-musllinux_1_1_x86_64.whl", hash = "sha256:2f55c1e0e2ae9bdd23b3c63459ee4c06d223b68aeb1961d83c48fb63dc29bc03", size = 6147905 },
    { url = "https://files.pythonhosted.org/packages/cd/b7/846cc563209ff5af88bc7dcb269948210674c2f743e7fd8e1a2ad9708e89/grpcio-1.67.0-cp313-cp313-win32.whl", hash = "sha256:fd6bc27861e460fe28e94226e3673d46e294ca4673d46b224428d197c5935e69", size = 3594603 },
    { url = "https://files.pythonhosted.org/packages/bd/74/49d27908b369b72fd3373ec0f16d7f58614fb7101cb38b266afeab846cca/grpcio-1.67.0-cp313-cp313-win_amd64.whl", hash = "sha256:cf51d28063338608cd8d3cd64677e922134837902b70ce00dad7f116e3998210", size = 4345468 },
]

[[package]]
name = "grpcio-reflection"
version = "1.67.0"
source = { registry = "https://pypi.org/simple" }
dependencies = [
    { name = "grpcio" },
    { name = "protobuf" },
]
sdist = { url = "https://files.pythonhosted.org/packages/fe/69/08a7c3c3524e3af650d22bd8e0015e35bc284eae919fbb38bc2702809d07/grpcio_reflection-1.67.0.tar.gz", hash = "sha256:c47143738b1897b6ce4af5e0e338c85c9aee5fdcbb3355d368a8dcae46d8933c", size = 18818 }
wheels = [
    { url = "https://files.pythonhosted.org/packages/9c/cf/343839a5800c38a0231b78708e84db1fa4797751cb44892093ef8b215377/grpcio_reflection-1.67.0-py3-none-any.whl", hash = "sha256:2a2f6d865adecd8d5f81b1a6858252d61b1897997f0656c73807045c5e79c421", size = 22691 },
]

[[package]]
name = "grpcio-tools"
version = "1.67.0"
source = { registry = "https://pypi.org/simple" }
dependencies = [
    { name = "grpcio" },
    { name = "protobuf" },
    { name = "setuptools" },
]
sdist = { url = "https://files.pythonhosted.org/packages/e7/f8/62e15867651b72f6f95313e21d81f5f1c210b69a4cc664aecf52ec4c8a53/grpcio_tools-1.67.0.tar.gz", hash = "sha256:181b3d4e61b83142c182ec366f3079b0023509743986e54c9465ca38cac255f8", size = 5159163 }
wheels = [
    { url = "https://files.pythonhosted.org/packages/d6/b6/57e67c0244db8d7c0c312041293b806bfb1c9d66c26159e6faf39cc10356/grpcio_tools-1.67.0-cp312-cp312-linux_armv7l.whl", hash = "sha256:dca7f053cbdb26a587d4410ddb893877c585fb60a31f22fdd128e4f7c4dab27c", size = 2307646 },
    { url = "https://files.pythonhosted.org/packages/52/43/837f08b85b04ac225aebe1d7da1a7a79fc313f231306c865b5112cef7dc4/grpcio_tools-1.67.0-cp312-cp312-macosx_10_9_universal2.whl", hash = "sha256:de8c4f68ffa690769d84329c17c7fdd5fbe4c61b8f8a0de03f1ad8ef8bb06963", size = 5525447 },
    { url = "https://files.pythonhosted.org/packages/3e/5f/adb8b87f5c403ba53529b6645184beddfa63abf2c524a6dabaa430e6bab3/grpcio_tools-1.67.0-cp312-cp312-manylinux_2_17_aarch64.whl", hash = "sha256:6e4ecb24c27a78f09fead45d4ed873805d6026124ccb6793b6fb93a490b78ddf", size = 2281767 },
    { url = "https://files.pythonhosted.org/packages/6e/cd/3d6a7971e28b96cb618abb281325517443744ecfe48aa03f27a17cd5d4e1/grpcio_tools-1.67.0-cp312-cp312-manylinux_2_17_i686.manylinux2014_i686.whl", hash = "sha256:004d6ef1b5f724480f05c0bdc904bf8c78c43d633c537d99abe51b52ce0cadeb", size = 2617363 },
    { url = "https://files.pythonhosted.org/packages/2d/a9/b8f1eae3db0f1b6f9548bd2032f48cb6f1ec9bc6781436d52dff4b352fab/grpcio_tools-1.67.0-cp312-cp312-manylinux_2_17_x86_64.manylinux2014_x86_64.whl", hash = "sha256:9dd257072c86eb9b36791b3674a513a215ba76bbdd38fc228f0e8c6dc5ce3524", size = 2415322 },
    { url = "https://files.pythonhosted.org/packages/9b/fc/0045bf2e5c97a5ffe0ff2c9a4e4a62894402e8d7094162c2084a809c9d1c/grpcio_tools-1.67.0-cp312-cp312-musllinux_1_1_i686.whl", hash = "sha256:a8cca551317ed26e17d13b6ee27b2bd62f5fe9b3842b4e88389deb984f995848", size = 3225044 },
    { url = "https://files.pythonhosted.org/packages/dc/73/eaf40958dd648dd98a0fbd30df2b51c5beb7ee24127c1f0bb99ea44fd435/grpcio_tools-1.67.0-cp312-cp312-musllinux_1_1_x86_64.whl", hash = "sha256:a7ac3b4f837c693142f6688b629d1f6408f6ab250d927159b572555f5339fe25", size = 2870418 },
    { url = "https://files.pythonhosted.org/packages/b4/77/e307e91816123444ff657bbae2269cb912f31a9390118ed371bde9d0c1f3/grpcio_tools-1.67.0-cp312-cp312-win32.whl", hash = "sha256:95feec33388e2a8f72c360a68efe6f0bfed9c771e94d21b7f2359d0010f60219", size = 940540 },
    { url = "https://files.pythonhosted.org/packages/be/2a/0c1a64e88fbc17235b68d3178be6cf4a69aea5bd1deed683c0bbd2f5e9f9/grpcio_tools-1.67.0-cp312-cp312-win_amd64.whl", hash = "sha256:50a31d035193ebe7154181eac84734e25bdcdb36adba849d3b2adf1c3b0c382b", size = 1090427 },
    { url = "https://files.pythonhosted.org/packages/1e/44/cfe3aa14158d8becffd7823d5147039378d448097fb91ec723ad8b6d60cb/grpcio_tools-1.67.0-cp313-cp313-linux_armv7l.whl", hash = "sha256:9ecb7c2e5da052a3feaeaa83d8f2a946a8feec8a50751b0e6175da982b49ebb1", size = 2307454 },
    { url = "https://files.pythonhosted.org/packages/46/9c/99b345764b355b11f1ea7d160276e9eb9d32a1c77e4bfaa2db3de025f7d2/grpcio_tools-1.67.0-cp313-cp313-macosx_10_13_universal2.whl", hash = "sha256:3c52164f2b9d41c6d75464bb45f45737dcb421e92e98d85d94fda100c67a24d8", size = 5518036 },
    { url = "https://files.pythonhosted.org/packages/e8/8d/f1b4378335f39f37f9b440b26e7ecaa19660eef6b438ac7d8c5ad7e96d73/grpcio_tools-1.67.0-cp313-cp313-manylinux_2_17_aarch64.whl", hash = "sha256:471f58b919767290260d427dd9b760796e6208ee5fcda2f76bb8bd585ff842ec", size = 2281084 },
    { url = "https://files.pythonhosted.org/packages/27/ec/c31e5ec4d01f17e38fce03dfc3e47880bc25e1dd681fffe00fab04e21e33/grpcio_tools-1.67.0-cp313-cp313-manylinux_2_17_i686.manylinux2014_i686.whl", hash = "sha256:72c6bcdf38f672721c093c92b1fb1f9a02a365acc5bd42e1c69fe6e904b26081", size = 2616930 },
    { url = "https://files.pythonhosted.org/packages/b5/2b/82f3451ad9471ba946ca0e2ff43dc3269030d5e963d86d1cfe199e07dc38/grpcio_tools-1.67.0-cp313-cp313-manylinux_2_17_x86_64.manylinux2014_x86_64.whl", hash = "sha256:833b1eb9c03d28a798294523f75294055eff78fa897adf797876337b901afeb9", size = 2414635 },
    { url = "https://files.pythonhosted.org/packages/89/59/2811cb32947f21075c0b53a87aa652653154e6db3f03766e29b1f80a4bb6/grpcio_tools-1.67.0-cp313-cp313-musllinux_1_1_i686.whl", hash = "sha256:1db92ad6ade1946fc5705eb04956fcfdb3a0a4682de8dc3fce31cb97b6e4fcb8", size = 3224330 },
    { url = "https://files.pythonhosted.org/packages/3f/25/dde7cef6e639dae24e93f4385e689f554a1d2a531d5703786a6b7b8366f3/grpcio_tools-1.67.0-cp313-cp313-musllinux_1_1_x86_64.whl", hash = "sha256:38128310ded818e1044c0cd0979d76f7c0d3c3946a526a8aa39cd258624c3bf3", size = 2869633 },
    { url = "https://files.pythonhosted.org/packages/6f/dc/313bbdc01e4bd062d1e86cf667d81338670b9f44afa81a7b4e5ebf566ff4/grpcio_tools-1.67.0-cp313-cp313-win32.whl", hash = "sha256:db57930dc20ab678311727883bdb9f122daf06c14f3fd3067c9ccedb7eb056c3", size = 939997 },
    { url = "https://files.pythonhosted.org/packages/9e/07/5227eb621973b6afe7e6b3d4c637ed14069b7f5f7f45cc804c59df791304/grpcio_tools-1.67.0-cp313-cp313-win_amd64.whl", hash = "sha256:7de44d8d3bb920a4973a559f2950d03382fa4aed4880306416ffa73d24838477", size = 1089819 },
]

[[package]]
name = "protobuf"
version = "5.28.3"
source = { registry = "https://pypi.org/simple" }
sdist = { url = "https://files.pythonhosted.org/packages/74/6e/e69eb906fddcb38f8530a12f4b410699972ab7ced4e21524ece9d546ac27/protobuf-5.28.3.tar.gz", hash = "sha256:64badbc49180a5e401f373f9ce7ab1d18b63f7dd4a9cdc43c92b9f0b481cef7b", size = 422479 }
wheels = [
    { url = "https://files.pythonhosted.org/packages/d1/c5/05163fad52d7c43e124a545f1372d18266db36036377ad29de4271134a6a/protobuf-5.28.3-cp310-abi3-win32.whl", hash = "sha256:0c4eec6f987338617072592b97943fdbe30d019c56126493111cf24344c1cc24", size = 419624 },
    { url = "https://files.pythonhosted.org/packages/9c/4c/4563ebe001ff30dca9d7ed12e471fa098d9759712980cde1fd03a3a44fb7/protobuf-5.28.3-cp310-abi3-win_amd64.whl", hash = "sha256:91fba8f445723fcf400fdbe9ca796b19d3b1242cd873907979b9ed71e4afe868", size = 431464 },
    { url = "https://files.pythonhosted.org/packages/1c/f2/baf397f3dd1d3e4af7e3f5a0382b868d25ac068eefe1ebde05132333436c/protobuf-5.28.3-cp38-abi3-macosx_10_9_universal2.whl", hash = "sha256:a3f6857551e53ce35e60b403b8a27b0295f7d6eb63d10484f12bc6879c715687", size = 414743 },
    { url = "https://files.pythonhosted.org/packages/85/50/cd61a358ba1601f40e7d38bcfba22e053f40ef2c50d55b55926aecc8fec7/protobuf-5.28.3-cp38-abi3-manylinux2014_aarch64.whl", hash = "sha256:3fa2de6b8b29d12c61911505d893afe7320ce7ccba4df913e2971461fa36d584", size = 316511 },
    { url = "https://files.pythonhosted.org/packages/5d/ae/3257b09328c0b4e59535e497b0c7537d4954038bdd53a2f0d2f49d15a7c4/protobuf-5.28.3-cp38-abi3-manylinux2014_x86_64.whl", hash = "sha256:712319fbdddb46f21abb66cd33cb9e491a5763b2febd8f228251add221981135", size = 316624 },
    { url = "https://files.pythonhosted.org/packages/ad/c3/2377c159e28ea89a91cf1ca223f827ae8deccb2c9c401e5ca233cd73002f/protobuf-5.28.3-py3-none-any.whl", hash = "sha256:cee1757663fa32a1ee673434fcf3bf24dd54763c79690201208bafec62f19eed", size = 169511 },
]

[[package]]
name = "python-runtime"
version = "0.1.0"
source = { virtual = "." }
dependencies = [
    { name = "grpcio" },
    { name = "grpcio-reflection" },
    { name = "grpcio-tools" },
    { name = "protobuf" },
]

[package.metadata]
requires-dist = [
    { name = "grpcio", specifier = ">=1.67.0" },
    { name = "grpcio-reflection", specifier = ">=1.67.0" },
    { name = "grpcio-tools", specifier = ">=1.67.0" },
    { name = "protobuf", specifier = ">=5.28.3" },
]

[[package]]
name = "setuptools"
version = "75.2.0"
source = { registry = "https://pypi.org/simple" }
sdist = { url = "https://files.pythonhosted.org/packages/07/37/b31be7e4b9f13b59cde9dcaeff112d401d49e0dc5b37ed4a9fc8fb12f409/setuptools-75.2.0.tar.gz", hash = "sha256:753bb6ebf1f465a1912e19ed1d41f403a79173a9acf66a42e7e6aec45c3c16ec", size = 1350308 }
wheels = [
    { url = "https://files.pythonhosted.org/packages/31/2d/90165d51ecd38f9a02c6832198c13a4e48652485e2ccf863ebb942c531b6/setuptools-75.2.0-py3-none-any.whl", hash = "sha256:a7fcb66f68b4d9e8e66b42f9876150a3371558f98fa32222ffaa5bced76406f8", size = 1249825 },
]
